
Microsoft Visual Studio Solution File, Format Version 12.00
# Visual Studio Version 17
VisualStudioVersion = 17.9.34728.123
MinimumVisualStudioVersion = 10.0.40219.1
Project("{FAE04EC0-301F-11D3-BF4B-00C04F79EFBC}") = "Calculator", "Calculator\Calculator.csproj", "{9FE60704-F41A-4705-91A7-EE2CC9ACE362}"
EndProject
Global
	GlobalSection(SolutionConfigurationPlatforms) = preSolution
		Debug|Any CPU = Debug|Any CPU
		Release|Any CPU = Release|Any CPU
	EndGlobalSection
	GlobalSection(ProjectConfigurationPlatforms) = postSolution
		{9FE60704-F41A-4705-91A7-EE2CC9ACE362}.Debug|Any CPU.ActiveCfg = Debug|Any CPU
		{9FE60704-F41A-4705-91A7-EE2CC9ACE362}.Debug|Any CPU.Build.0 = Debug|Any CPU
		{9FE60704-F41A-4705-91A7-EE2CC9ACE362}.Release|Any CPU.ActiveCfg = Release|Any CPU
		{9FE60704-F41A-4705-91A7-EE2CC9ACE362}.Release|Any CPU.Build.0 = Release|Any CPU
	EndGlobalSection
	GlobalSection(SolutionProperties) = preSolution
		HideSolutionNode = FALSE
	EndGlobalSection
	GlobalSection(ExtensibilityGlobals) = postSolution
		SolutionGuid = {595881CF-4B76-40AB-9770-AE0902081B18}
	EndGlobalSection
EndGlobal
